
Microsoft Visual Studio Solution File, Format Version 12.00
# Visual Studio 15
Project("{FAE04EC0-301F-11D3-BF4B-00C04F79EFBC}") = "Assembly-CSharp-firstpass", "Assembly-CSharp-firstpass.csproj", "{09CC9744-6798-698C-52F6-DECEE47D265A}"
EndProject
Project("{FAE04EC0-301F-11D3-BF4B-00C04F79EFBC}") = "Assembly-CSharp", "Assembly-CSharp.csproj", "{9E54C103-1E84-2724-EF55-5DBC257AC65C}"
EndProject
Project("{FAE04EC0-301F-11D3-BF4B-00C04F79EFBC}") = "Assembly-CSharp-Editor", "Assembly-CSharp-Editor.csproj", "{EA779ED7-1AB0-D75B-6B88-11E926878DDD}"
EndProject
Global
	GlobalSection(SolutionConfigurationPlatforms) = preSolution
		Debug|Any CPU = Debug|Any CPU
		Release|Any CPU = Release|Any CPU
	EndGlobalSection
	GlobalSection(ProjectConfigurationPlatforms) = postSolution
		{09CC9744-6798-698C-52F6-DECEE47D265A}.Debug|Any CPU.ActiveCfg = Debug|Any CPU
		{09CC9744-6798-698C-52F6-DECEE47D265A}.Debug|Any CPU.Build.0 = Debug|Any CPU
		{09CC9744-6798-698C-52F6-DECEE47D265A}.Release|Any CPU.ActiveCfg = Release|Any CPU
		{09CC9744-6798-698C-52F6-DECEE47D265A}.Release|Any CPU.Build.0 = Release|Any CPU
		{9E54C103-1E84-2724-EF55-5DBC257AC65C}.Debug|Any CPU.ActiveCfg = Debug|Any CPU
		{9E54C103-1E84-2724-EF55-5DBC257AC65C}.Debug|Any CPU.Build.0 = Debug|Any CPU
		{9E54C103-1E84-2724-EF55-5DBC257AC65C}.Release|Any CPU.ActiveCfg = Release|Any CPU
		{9E54C103-1E84-2724-EF55-5DBC257AC65C}.Release|Any CPU.Build.0 = Release|Any CPU
		{EA779ED7-1AB0-D75B-6B88-11E926878DDD}.Debug|Any CPU.ActiveCfg = Debug|Any CPU
		{EA779ED7-1AB0-D75B-6B88-11E926878DDD}.Debug|Any CPU.Build.0 = Debug|Any CPU
		{EA779ED7-1AB0-D75B-6B88-11E926878DDD}.Release|Any CPU.ActiveCfg = Release|Any CPU
		{EA779ED7-1AB0-D75B-6B88-11E926878DDD}.Release|Any CPU.Build.0 = Release|Any CPU
	EndGlobalSection
	GlobalSection(SolutionProperties) = preSolution
		HideSolutionNode = FALSE
	EndGlobalSection
EndGlobal
